// !$*UTF8*$!
{
	archiveVersion = 1;
	classes = {
	};
	objectVersion = 50;
	objects = {

/* Begin PBXBuildFile section */
		3E9B789724E643DF0064EE73 /* window_shopperTests.swift in Sources */ = {isa = PBXBuildFile; fileRef = 3E9B789624E643DF0064EE73 /* window_shopperTests.swift */; };
		3E9B78A024E644600064EE73 /* Wage.swift in Sources */ = {isa = PBXBuildFile; fileRef = 3E9B789F24E644600064EE73 /* Wage.swift */; };
		3E9B78A124E6459D0064EE73 /* Wage.swift in Sources */ = {isa = PBXBuildFile; fileRef = 3E9B789F24E644600064EE73 /* Wage.swift */; };
		3ED21F8F24E5759200C45BEF /* AppDelegate.swift in Sources */ = {isa = PBXBuildFile; fileRef = 3ED21F8E24E5759200C45BEF /* AppDelegate.swift */; };
		3ED21F9124E5759200C45BEF /* SceneDelegate.swift in Sources */ = {isa = PBXBuildFile; fileRef = 3ED21F9024E5759200C45BEF /* SceneDelegate.swift */; };
		3ED21F9324E5759200C45BEF /* MainVC.swift in Sources */ = {isa = PBXBuildFile; fileRef = 3ED21F9224E5759200C45BEF /* MainVC.swift */; };
		3ED21F9624E5759200C45BEF /* Main.storyboard in Resources */ = {isa = PBXBuildFile; fileRef = 3ED21F9424E5759200C45BEF /* Main.storyboard */; };
		3ED21F9824E5759400C45BEF /* Assets.xcassets in Resources */ = {isa = PBXBuildFile; fileRef = 3ED21F9724E5759400C45BEF /* Assets.xcassets */; };
		3ED21F9B24E5759400C45BEF /* LaunchScreen.storyboard in Resources */ = {isa = PBXBuildFile; fileRef = 3ED21F9924E5759400C45BEF /* LaunchScreen.storyboard */; };
		3ED281F424E57C8A000592DF /* CurrencyTextField.swift in Sources */ = {isa = PBXBuildFile; fileRef = 3ED281F324E57C8A000592DF /* CurrencyTextField.swift */; };
/* End PBXBuildFile section */

/* Begin PBXContainerItemProxy section */
		3E9B789924E643DF0064EE73 /* PBXContainerItemProxy */ = {
			isa = PBXContainerItemProxy;
			containerPortal = 3ED21F8324E5759200C45BEF /* Project object */;
			proxyType = 1;
			remoteGlobalIDString = 3ED21F8A24E5759200C45BEF;
			remoteInfo = "window-shopper";
		};
/* End PBXContainerItemProxy section */

/* Begin PBXFileReference section */
		3E9B789424E643DF0064EE73 /* window-shopperTests.xctest */ = {isa = PBXFileReference; explicitFileType = wrapper.cfbundle; includeInIndex = 0; path = "window-shopperTests.xctest"; sourceTree = BUILT_PRODUCTS_DIR; };
		3E9B789624E643DF0064EE73 /* window_shopperTests.swift */ = {isa = PBXFileReference; lastKnownFileType = sourcecode.swift; path = window_shopperTests.swift; sourceTree = "<group>"; };
		3E9B789824E643DF0064EE73 /* Info.plist */ = {isa = PBXFileReference; lastKnownFileType = text.plist.xml; path = Info.plist; sourceTree = "<group>"; };
		3E9B789F24E644600064EE73 /* Wage.swift */ = {isa = PBXFileReference; lastKnownFileType = sourcecode.swift; path = Wage.swift; sourceTree = "<group>"; };
		3ED21F8B24E5759200C45BEF /* window-shopper.app */ = {isa = PBXFileReference; explicitFileType = wrapper.application; includeInIndex = 0; path = "window-shopper.app"; sourceTree = BUILT_PRODUCTS_DIR; };
		3ED21F8E24E5759200C45BEF /* AppDelegate.swift */ = {isa = PBXFileReference; lastKnownFileType = sourcecode.swift; path = AppDelegate.swift; sourceTree = "<group>"; };
		3ED21F9024E5759200C45BEF /* SceneDelegate.swift */ = {isa = PBXFileReference; lastKnownFileType = sourcecode.swift; path = SceneDelegate.swift; sourceTree = "<group>"; };
		3ED21F9224E5759200C45BEF /* MainVC.swift */ = {isa = PBXFileReference; lastKnownFileType = sourcecode.swift; path = MainVC.swift; sourceTree = "<group>"; };
		3ED21F9524E5759200C45BEF /* Base */ = {isa = PBXFileReference; lastKnownFileType = file.storyboard; name = Base; path = Base.lproj/Main.storyboard; sourceTree = "<group>"; };
		3ED21F9724E5759400C45BEF /* Assets.xcassets */ = {isa = PBXFileReference; lastKnownFileType = folder.assetcatalog; path = Assets.xcassets; sourceTree = "<group>"; };
		3ED21F9A24E5759400C45BEF /* Base */ = {isa = PBXFileReference; lastKnownFileType = file.storyboard; name = Base; path = Base.lproj/LaunchScreen.storyboard; sourceTree = "<group>"; };
		3ED21F9C24E5759400C45BEF /* Info.plist */ = {isa = PBXFileReference; lastKnownFileType = text.plist.xml; path = Info.plist; sourceTree = "<group>"; };
		3ED281F324E57C8A000592DF /* CurrencyTextField.swift */ = {isa = PBXFileReference; lastKnownFileType = sourcecode.swift; path = CurrencyTextField.swift; sourceTree = "<group>"; };
/* End PBXFileReference section */

/* Begin PBXFrameworksBuildPhase section */
		3E9B789124E643DF0064EE73 /* Frameworks */ = {
			isa = PBXFrameworksBuildPhase;
			buildActionMask = 2147483647;
			files = (
			);
			runOnlyForDeploymentPostprocessing = 0;
		};
		3ED21F8824E5759200C45BEF /* Frameworks */ = {
			isa = PBXFrameworksBuildPhase;
			buildActionMask = 2147483647;
			files = (
			);
			runOnlyForDeploymentPostprocessing = 0;
		};
/* End PBXFrameworksBuildPhase section */

/* Begin PBXGroup section */
		3E9B789524E643DF0064EE73 /* window-shopperTests */ = {
			isa = PBXGroup;
			children = (
				3E9B789624E643DF0064EE73 /* window_shopperTests.swift */,
				3E9B789824E643DF0064EE73 /* Info.plist */,
			);
			path = "window-shopperTests";
			sourceTree = "<group>";
		};
		3E9B789E24E6440C0064EE73 /* Model */ = {
			isa = PBXGroup;
			children = (
				3E9B789F24E644600064EE73 /* Wage.swift */,
			);
			path = Model;
			sourceTree = "<group>";
		};
		3ED21F8224E5759200C45BEF = {
			isa = PBXGroup;
			children = (
				3ED21F8D24E5759200C45BEF /* window-shopper */,
				3E9B789524E643DF0064EE73 /* window-shopperTests */,
				3ED21F8C24E5759200C45BEF /* Products */,
			);
			sourceTree = "<group>";
		};
		3ED21F8C24E5759200C45BEF /* Products */ = {
			isa = PBXGroup;
			children = (
				3ED21F8B24E5759200C45BEF /* window-shopper.app */,
				3E9B789424E643DF0064EE73 /* window-shopperTests.xctest */,
			);
			name = Products;
			sourceTree = "<group>";
		};
		3ED21F8D24E5759200C45BEF /* window-shopper */ = {
			isa = PBXGroup;
			children = (
				3E9B789E24E6440C0064EE73 /* Model */,
				3ED281F224E57C32000592DF /* Views */,
				3ED21FA224E579A700C45BEF /* Controller */,
				3ED21F8E24E5759200C45BEF /* AppDelegate.swift */,
				3ED21F9024E5759200C45BEF /* SceneDelegate.swift */,
				3ED21F9424E5759200C45BEF /* Main.storyboard */,
				3ED21F9724E5759400C45BEF /* Assets.xcassets */,
				3ED21F9924E5759400C45BEF /* LaunchScreen.storyboard */,
				3ED21F9C24E5759400C45BEF /* Info.plist */,
			);
			path = "window-shopper";
			sourceTree = "<group>";
		};
		3ED21FA224E579A700C45BEF /* Controller */ = {
			isa = PBXGroup;
			children = (
				3ED21F9224E5759200C45BEF /* MainVC.swift */,
			);
			path = Controller;
			sourceTree = "<group>";
		};
		3ED281F224E57C32000592DF /* Views */ = {
			isa = PBXGroup;
			children = (
				3ED281F324E57C8A000592DF /* CurrencyTextField.swift */,
			);
			path = Views;
			sourceTree = "<group>";
		};
/* End PBXGroup section */

/* Begin PBXNativeTarget section */
		3E9B789324E643DF0064EE73 /* window-shopperTests */ = {
			isa = PBXNativeTarget;
			buildConfigurationList = 3E9B789D24E643DF0064EE73 /* Build configuration list for PBXNativeTarget "window-shopperTests" */;
			buildPhases = (
				3E9B789024E643DF0064EE73 /* Sources */,
				3E9B789124E643DF0064EE73 /* Frameworks */,
				3E9B789224E643DF0064EE73 /* Resources */,
			);
			buildRules = (
			);
			dependencies = (
				3E9B789A24E643DF0064EE73 /* PBXTargetDependency */,
			);
			name = "window-shopperTests";
			productName = "window-shopperTests";
			productReference = 3E9B789424E643DF0064EE73 /* window-shopperTests.xctest */;
			productType = "com.apple.product-type.bundle.unit-test";
		};
		3ED21F8A24E5759200C45BEF /* window-shopper */ = {
			isa = PBXNativeTarget;
			buildConfigurationList = 3ED21F9F24E5759400C45BEF /* Build configuration list for PBXNativeTarget "window-shopper" */;
			buildPhases = (
				3ED21F8724E5759200C45BEF /* Sources */,
				3ED21F8824E5759200C45BEF /* Frameworks */,
				3ED21F8924E5759200C45BEF /* Resources */,
			);
			buildRules = (
			);
			dependencies = (
			);
			name = "window-shopper";
			productName = "window-shopper";
			productReference = 3ED21F8B24E5759200C45BEF /* window-shopper.app */;
			productType = "com.apple.product-type.application";
		};
/* End PBXNativeTarget section */

/* Begin PBXProject section */
		3ED21F8324E5759200C45BEF /* Project object */ = {
			isa = PBXProject;
			attributes = {
				LastSwiftUpdateCheck = 1160;
				LastUpgradeCheck = 1160;
				ORGANIZATIONNAME = Preety;
				TargetAttributes = {
					3E9B789324E643DF0064EE73 = {
						CreatedOnToolsVersion = 11.6;
						TestTargetID = 3ED21F8A24E5759200C45BEF;
					};
					3ED21F8A24E5759200C45BEF = {
						CreatedOnToolsVersion = 11.6;
					};
				};
			};
			buildConfigurationList = 3ED21F8624E5759200C45BEF /* Build configuration list for PBXProject "window-shopper" */;
			compatibilityVersion = "Xcode 9.3";
			developmentRegion = en;
			hasScannedForEncodings = 0;
			knownRegions = (
				en,
				Base,
			);
			mainGroup = 3ED21F8224E5759200C45BEF;
			productRefGroup = 3ED21F8C24E5759200C45BEF /* Products */;
			projectDirPath = "";
			projectRoot = "";
			targets = (
				3ED21F8A24E5759200C45BEF /* window-shopper */,
				3E9B789324E643DF0064EE73 /* window-shopperTests */,
			);
		};
/* End PBXProject section */

/* Begin PBXResourcesBuildPhase section */
		3E9B789224E643DF0064EE73 /* Resources */ = {
			isa = PBXResourcesBuildPhase;
			buildActionMask = 2147483647;
			files = (
			);
			runOnlyForDeploymentPostprocessing = 0;
		};
		3ED21F8924E5759200C45BEF /* Resources */ = {
			isa = PBXResourcesBuildPhase;
			buildActionMask = 2147483647;
			files = (
				3ED21F9B24E5759400C45BEF /* LaunchScreen.storyboard in Resources */,
				3ED21F9824E5759400C45BEF /* Assets.xcassets in Resources */,
				3ED21F9624E5759200C45BEF /* Main.storyboard in Resources */,
			);
			runOnlyForDeploymentPostprocessing = 0;
		};
/* End PBXResourcesBuildPhase section */

/* Begin PBXSourcesBuildPhase section */
		3E9B789024E643DF0064EE73 /* Sources */ = {
			isa = PBXSourcesBuildPhase;
			buildActionMask = 2147483647;
			files = (
				3E9B789724E643DF0064EE73 /* window_shopperTests.swift in Sources */,
				3E9B78A124E6459D0064EE73 /* Wage.swift in Sources */,
			);
			runOnlyForDeploymentPostprocessing = 0;
		};
		3ED21F8724E5759200C45BEF /* Sources */ = {
			isa = PBXSourcesBuildPhase;
			buildActionMask = 2147483647;
			files = (
				3ED21F9324E5759200C45BEF /* MainVC.swift in Sources */,
				3ED21F8F24E5759200C45BEF /* AppDelegate.swift in Sources */,
				3E9B78A024E644600064EE73 /* Wage.swift in Sources */,
				3ED281F424E57C8A000592DF /* CurrencyTextField.swift in Sources */,
				3ED21F9124E5759200C45BEF /* SceneDelegate.swift in Sources */,
			);
			runOnlyForDeploymentPostprocessing = 0;
		};
/* End PBXSourcesBuildPhase section */

/* Begin PBXTargetDependency section */
		3E9B789A24E643DF0064EE73 /* PBXTargetDependency */ = {
			isa = PBXTargetDependency;
			target = 3ED21F8A24E5759200C45BEF /* window-shopper */;
			targetProxy = 3E9B789924E643DF0064EE73 /* PBXContainerItemProxy */;
		};
/* End PBXTargetDependency section */

/* Begin PBXVariantGroup section */
		3ED21F9424E5759200C45BEF /* Main.storyboard */ = {
			isa = PBXVariantGroup;
			children = (
				3ED21F9524E5759200C45BEF /* Base */,
			);
			name = Main.storyboard;
			sourceTree = "<group>";
		};
		3ED21F9924E5759400C45BEF /* LaunchScreen.storyboard */ = {
			isa = PBXVariantGroup;
			children = (
				3ED21F9A24E5759400C45BEF /* Base */,
			);
			name = LaunchScreen.storyboard;
			sourceTree = "<group>";
		};
/* End PBXVariantGroup section */

/* Begin XCBuildConfiguration section */
		3E9B789B24E643DF0064EE73 /* Debug */ = {
			isa = XCBuildConfiguration;
			buildSettings = {
				BUNDLE_LOADER = "$(TEST_HOST)";
				CODE_SIGN_STYLE = Automatic;
				DEVELOPMENT_TEAM = K2A6U5YJ8G;
				INFOPLIST_FILE = "window-shopperTests/Info.plist";
				LD_RUNPATH_SEARCH_PATHS = (
					"$(inherited)",
					"@executable_path/Frameworks",
					"@loader_path/Frameworks",
				);
				PRODUCT_BUNDLE_IDENTIFIER = "com.preety.window-shopperTests";
				PRODUCT_NAME = "$(TARGET_NAME)";
				SWIFT_VERSION = 5.0;
				TARGETED_DEVICE_FAMILY = "1,2";
				TEST_HOST = "$(BUILT_PRODUCTS_DIR)/window-shopper.app/window-shopper";
			};
			name = Debug;
		};
		3E9B789C24E643DF0064EE73 /* Release */ = {
			isa = XCBuildConfiguration;
			buildSettings = {
				BUNDLE_LOADER = "$(TEST_HOST)";
				CODE_SIGN_STYLE = Automatic;
				DEVELOPMENT_TEAM = K2A6U5YJ8G;
				INFOPLIST_FILE = "window-shopperTests/Info.plist";
				LD_RUNPATH_SEARCH_PATHS = (
					"$(inherited)",
					"@executable_path/Frameworks",
					"@loader_path/Frameworks",
				);
				PRODUCT_BUNDLE_IDENTIFIER = "com.preety.window-shopperTests";
				PRODUCT_NAME = "$(TARGET_NAME)";
				SWIFT_VERSION = 5.0;
				TARGETED_DEVICE_FAMILY = "1,2";
				TEST_HOST = "$(BUILT_PRODUCTS_DIR)/window-shopper.app/window-shopper";
			};
			name = Release;
		};
		3ED21F9D24E5759400C45BEF /* Debug */ = {
			isa = XCBuildConfiguration;
			buildSettings = {
				ALWAYS_SEARCH_USER_PATHS = NO;
				CLANG_ANALYZER_NONNULL = YES;
				CLANG_ANALYZER_NUMBER_OBJECT_CONVERSION = YES_AGGRESSIVE;
				CLANG_CXX_LANGUAGE_STANDARD = "gnu++14";
				CLANG_CXX_LIBRARY = "libc++";
				CLANG_ENABLE_MODULES = YES;
				CLANG_ENABLE_OBJC_ARC = YES;
				CLANG_ENABLE_OBJC_WEAK = YES;
				CLANG_WARN_BLOCK_CAPTURE_AUTORELEASING = YES;
				CLANG_WARN_BOOL_CONVERSION = YES;
				CLANG_WARN_COMMA = YES;
				CLANG_WARN_CONSTANT_CONVERSION = YES;
				CLANG_WARN_DEPRECATED_OBJC_IMPLEMENTATIONS = YES;
				CLANG_WARN_DIRECT_OBJC_ISA_USAGE = YES_ERROR;
				CLANG_WARN_DOCUMENTATION_COMMENTS = YES;
				CLANG_WARN_EMPTY_BODY = YES;
				CLANG_WARN_ENUM_CONVERSION = YES;
				CLANG_WARN_INFINITE_RECURSION = YES;
				CLANG_WARN_INT_CONVERSION = YES;
				CLANG_WARN_NON_LITERAL_NULL_CONVERSION = YES;
				CLANG_WARN_OBJC_IMPLICIT_RETAIN_SELF = YES;
				CLANG_WARN_OBJC_LITERAL_CONVERSION = YES;
				CLANG_WARN_OBJC_ROOT_CLASS = YES_ERROR;
				CLANG_WARN_RANGE_LOOP_ANALYSIS = YES;
				CLANG_WARN_STRICT_PROTOTYPES = YES;
				CLANG_WARN_SUSPICIOUS_MOVE = YES;
				CLANG_WARN_UNGUARDED_AVAILABILITY = YES_AGGRESSIVE;
				CLANG_WARN_UNREACHABLE_CODE = YES;
				CLANG_WARN__DUPLICATE_METHOD_MATCH = YES;
				COPY_PHASE_STRIP = NO;
				DEBUG_INFORMATION_FORMAT = dwarf;
				ENABLE_STRICT_OBJC_MSGSEND = YES;
				ENABLE_TESTABILITY = YES;
				GCC_C_LANGUAGE_STANDARD = gnu11;
				GCC_DYNAMIC_NO_PIC = NO;
				GCC_NO_COMMON_BLOCKS = YES;
				GCC_OPTIMIZATION_LEVEL = 0;
				GCC_PREPROCESSOR_DEFINITIONS = (
					"DEBUG=1",
					"$(inherited)",
				);
				GCC_WARN_64_TO_32_BIT_CONVERSION = YES;
				GCC_WARN_ABOUT_RETURN_TYPE = YES_ERROR;
				GCC_WARN_UNDECLARED_SELECTOR = YES;
				GCC_WARN_UNINITIALIZED_AUTOS = YES_AGGRESSIVE;
				GCC_WARN_UNUSED_FUNCTION = YES;
				GCC_WARN_UNUSED_VARIABLE = YES;
				IPHONEOS_DEPLOYMENT_TARGET = 13.6;
				MTL_ENABLE_DEBUG_INFO = INCLUDE_SOURCE;
				MTL_FAST_MATH = YES;
				ONLY_ACTIVE_ARCH = YES;
				SDKROOT = iphoneos;
				SWIFT_ACTIVE_COMPILATION_CONDITIONS = DEBUG;
				SWIFT_OPTIMIZATION_LEVEL = "-Onone";
			};
			name = Debug;
		};
		3ED21F9E24E5759400C45BEF /* Release */ = {
			isa = XCBuildConfiguration;
			buildSettings = {
				ALWAYS_SEARCH_USER_PATHS = NO;
				CLANG_ANALYZER_NONNULL = YES;
				CLANG_ANALYZER_NUMBER_OBJECT_CONVERSION = YES_AGGRESSIVE;
				CLANG_CXX_LANGUAGE_STANDARD = "gnu++14";
				CLANG_CXX_LIBRARY = "libc++";
				CLANG_ENABLE_MODULES = YES;
				CLANG_ENABLE_OBJC_ARC = YES;
				CLANG_ENABLE_OBJC_WEAK = YES;
				CLANG_WARN_BLOCK_CAPTURE_AUTORELEASING = YES;
				CLANG_WARN_BOOL_CONVERSION = YES;
				CLANG_WARN_COMMA = YES;
				CLANG_WARN_CONSTANT_CONVERSION = YES;
				CLANG_WARN_DEPRECATED_OBJC_IMPLEMENTATIONS = YES;
				CLANG_WARN_DIRECT_OBJC_ISA_USAGE = YES_ERROR;
				CLANG_WARN_DOCUMENTATION_COMMENTS = YES;
				CLANG_WARN_EMPTY_BODY = YES;
				CLANG_WARN_ENUM_CONVERSION = YES;
				CLANG_WARN_INFINITE_RECURSION = YES;
				CLANG_WARN_INT_CONVERSION = YES;
				CLANG_WARN_NON_LITERAL_NULL_CONVERSION = YES;
				CLANG_WARN_OBJC_IMPLICIT_RETAIN_SELF = YES;
				CLANG_WARN_OBJC_LITERAL_CONVERSION = YES;
				CLANG_WARN_OBJC_ROOT_CLASS = YES_ERROR;
				CLANG_WARN_RANGE_LOOP_ANALYSIS = YES;
				CLANG_WARN_STRICT_PROTOTYPES = YES;
				CLANG_WARN_SUSPICIOUS_MOVE = YES;
				CLANG_WARN_UNGUARDED_AVAILABILITY = YES_AGGRESSIVE;
				CLANG_WARN_UNREACHABLE_CODE = YES;
				CLANG_WARN__DUPLICATE_METHOD_MATCH = YES;
				COPY_PHASE_STRIP = NO;
				DEBUG_INFORMATION_FORMAT = "dwarf-with-dsym";
				ENABLE_NS_ASSERTIONS = NO;
				ENABLE_STRICT_OBJC_MSGSEND = YES;
				GCC_C_LANGUAGE_STANDARD = gnu11;
				GCC_NO_COMMON_BLOCKS = YES;
				GCC_WARN_64_TO_32_BIT_CONVERSION = YES;
				GCC_WARN_ABOUT_RETURN_TYPE = YES_ERROR;
				GCC_WARN_UNDECLARED_SELECTOR = YES;
				GCC_WARN_UNINITIALIZED_AUTOS = YES_AGGRESSIVE;
				GCC_WARN_UNUSED_FUNCTION = YES;
				GCC_WARN_UNUSED_VARIABLE = YES;
				IPHONEOS_DEPLOYMENT_TARGET = 13.6;
				MTL_ENABLE_DEBUG_INFO = NO;
				MTL_FAST_MATH = YES;
				SDKROOT = iphoneos;
				SWIFT_COMPILATION_MODE = wholemodule;
				SWIFT_OPTIMIZATION_LEVEL = "-O";
				VALIDATE_PRODUCT = YES;
			};
			name = Release;
		};
		3ED21FA024E5759400C45BEF /* Debug */ = {
			isa = XCBuildConfiguration;
			buildSettings = {
				ASSETCATALOG_COMPILER_APPICON_NAME = AppIcon;
				CODE_SIGN_STYLE = Automatic;
				DEVELOPMENT_TEAM = K2A6U5YJ8G;
				INFOPLIST_FILE = "window-shopper/Info.plist";
				LD_RUNPATH_SEARCH_PATHS = (
					"$(inherited)",
					"@executable_path/Frameworks",
				);
				PRODUCT_BUNDLE_IDENTIFIER = "com.preety.window-shopper";
				PRODUCT_NAME = "$(TARGET_NAME)";
				SWIFT_VERSION = 5.0;
				TARGETED_DEVICE_FAMILY = "1,2";
			};
			name = Debug;
		};
		3ED21FA124E5759400C45BEF /* Release */ = {
			isa = XCBuildConfiguration;
			buildSettings = {
				ASSETCATALOG_COMPILER_APPICON_NAME = AppIcon;
				CODE_SIGN_STYLE = Automatic;
				DEVELOPMENT_TEAM = K2A6U5YJ8G;
				INFOPLIST_FILE = "window-shopper/Info.plist";
				LD_RUNPATH_SEARCH_PATHS = (
					"$(inherited)",
					"@executable_path/Frameworks",
				);
				PRODUCT_BUNDLE_IDENTIFIER = "com.preety.window-shopper";
				PRODUCT_NAME = "$(TARGET_NAME)";
				SWIFT_VERSION = 5.0;
				TARGETED_DEVICE_FAMILY = "1,2";
			};
			name = Release;
		};
/* End XCBuildConfiguration section */

/* Begin XCConfigurationList section */
		3E9B789D24E643DF0064EE73 /* Build configuration list for PBXNativeTarget "window-shopperTests" */ = {
			isa = XCConfigurationList;
			buildConfigurations = (
				3E9B789B24E643DF0064EE73 /* Debug */,
				3E9B789C24E643DF0064EE73 /* Release */,
			);
			defaultConfigurationIsVisible = 0;
			defaultConfigurationName = Release;
		};
		3ED21F8624E5759200C45BEF /* Build configuration list for PBXProject "window-shopper" */ = {
			isa = XCConfigurationList;
			buildConfigurations = (
				3ED21F9D24E5759400C45BEF /* Debug */,
				3ED21F9E24E5759400C45BEF /* Release */,
			);
			defaultConfigurationIsVisible = 0;
			defaultConfigurationName = Release;
		};
		3ED21F9F24E5759400C45BEF /* Build configuration list for PBXNativeTarget "window-shopper" */ = {
			isa = XCConfigurationList;
			buildConfigurations = (
				3ED21FA024E5759400C45BEF /* Debug */,
				3ED21FA124E5759400C45BEF /* Release */,
			);
			defaultConfigurationIsVisible = 0;
			defaultConfigurationName = Release;
		};
/* End XCConfigurationList section */
	};
	rootObject = 3ED21F8324E5759200C45BEF /* Project object */;
}
